// !$*UTF8*$!
{
	archiveVersion = 1;
	classes = {
	};
	objectVersion = 56;
	objects = {

/* Begin PBXBuildFile section */
		A0E9B8592AB72E1700CDA032 /* WalletApp.swift in Sources */ = {isa = PBXBuildFile; fileRef = A0E9B8582AB72E1700CDA032 /* WalletApp.swift */; };
		A0E9B85B2AB72E1700CDA032 /* ContentView.swift in Sources */ = {isa = PBXBuildFile; fileRef = A0E9B85A2AB72E1700CDA032 /* ContentView.swift */; };
		A0E9B85D2AB72E1800CDA032 /* Assets.xcassets in Resources */ = {isa = PBXBuildFile; fileRef = A0E9B85C2AB72E1800CDA032 /* Assets.xcassets */; };
		A0E9B8602AB72E1800CDA032 /* Preview Assets.xcassets in Resources */ = {isa = PBXBuildFile; fileRef = A0E9B85F2AB72E1800CDA032 /* Preview Assets.xcassets */; };
		A0E9B8682AB72E7B00CDA032 /* CardModel.swift in Sources */ = {isa = PBXBuildFile; fileRef = A0E9B8672AB72E7B00CDA032 /* CardModel.swift */; };
		A0E9B86A2AB72F9100CDA032 /* ExpenseModel.swift in Sources */ = {isa = PBXBuildFile; fileRef = A0E9B8692AB72F9100CDA032 /* ExpenseModel.swift */; };
		A0E9B86C2AB7321800CDA032 /* OverviewModel.swift in Sources */ = {isa = PBXBuildFile; fileRef = A0E9B86B2AB7321800CDA032 /* OverviewModel.swift */; };
		A0E9B86F2AB7371C00CDA032 /* Home.swift in Sources */ = {isa = PBXBuildFile; fileRef = A0E9B86E2AB7371C00CDA032 /* Home.swift */; };
		A0E9B8722AB7393E00CDA032 /* CustomCorner.swift in Sources */ = {isa = PBXBuildFile; fileRef = A0E9B8712AB7393E00CDA032 /* CustomCorner.swift */; };
		A0E9B8742AB73EC100CDA032 /* CardRectKey.swift in Sources */ = {isa = PBXBuildFile; fileRef = A0E9B8732AB73EC100CDA032 /* CardRectKey.swift */; };
/* End PBXBuildFile section */

/* Begin PBXFileReference section */
		A0E9B8552AB72E1700CDA032 /* Wallet.app */ = {isa = PBXFileReference; explicitFileType = wrapper.application; includeInIndex = 0; path = Wallet.app; sourceTree = BUILT_PRODUCTS_DIR; };
		A0E9B8582AB72E1700CDA032 /* WalletApp.swift */ = {isa = PBXFileReference; lastKnownFileType = sourcecode.swift; path = WalletApp.swift; sourceTree = "<group>"; };
		A0E9B85A2AB72E1700CDA032 /* ContentView.swift */ = {isa = PBXFileReference; lastKnownFileType = sourcecode.swift; path = ContentView.swift; sourceTree = "<group>"; };
		A0E9B85C2AB72E1800CDA032 /* Assets.xcassets */ = {isa = PBXFileReference; lastKnownFileType = folder.assetcatalog; path = Assets.xcassets; sourceTree = "<group>"; };
		A0E9B85F2AB72E1800CDA032 /* Preview Assets.xcassets */ = {isa = PBXFileReference; lastKnownFileType = folder.assetcatalog; path = "Preview Assets.xcassets"; sourceTree = "<group>"; };
		A0E9B8672AB72E7B00CDA032 /* CardModel.swift */ = {isa = PBXFileReference; lastKnownFileType = sourcecode.swift; path = CardModel.swift; sourceTree = "<group>"; };
		A0E9B8692AB72F9100CDA032 /* ExpenseModel.swift */ = {isa = PBXFileReference; lastKnownFileType = sourcecode.swift; path = ExpenseModel.swift; sourceTree = "<group>"; };
		A0E9B86B2AB7321800CDA032 /* OverviewModel.swift */ = {isa = PBXFileReference; lastKnownFileType = sourcecode.swift; path = OverviewModel.swift; sourceTree = "<group>"; };
		A0E9B86E2AB7371C00CDA032 /* Home.swift */ = {isa = PBXFileReference; lastKnownFileType = sourcecode.swift; path = Home.swift; sourceTree = "<group>"; };
		A0E9B8712AB7393E00CDA032 /* CustomCorner.swift */ = {isa = PBXFileReference; lastKnownFileType = sourcecode.swift; path = CustomCorner.swift; sourceTree = "<group>"; };
		A0E9B8732AB73EC100CDA032 /* CardRectKey.swift */ = {isa = PBXFileReference; lastKnownFileType = sourcecode.swift; path = CardRectKey.swift; sourceTree = "<group>"; };
/* End PBXFileReference section */

/* Begin PBXFrameworksBuildPhase section */
		A0E9B8522AB72E1700CDA032 /* Frameworks */ = {
			isa = PBXFrameworksBuildPhase;
			buildActionMask = 2147483647;
			files = (
			);
			runOnlyForDeploymentPostprocessing = 0;
		};
/* End PBXFrameworksBuildPhase section */

/* Begin PBXGroup section */
		A0E9B84C2AB72E1700CDA032 = {
			isa = PBXGroup;
			children = (
				A0E9B8572AB72E1700CDA032 /* Wallet */,
				A0E9B8562AB72E1700CDA032 /* Products */,
			);
			sourceTree = "<group>";
		};
		A0E9B8562AB72E1700CDA032 /* Products */ = {
			isa = PBXGroup;
			children = (
				A0E9B8552AB72E1700CDA032 /* Wallet.app */,
			);
			name = Products;
			sourceTree = "<group>";
		};
		A0E9B8572AB72E1700CDA032 /* Wallet */ = {
			isa = PBXGroup;
			children = (
				A0E9B86D2AB7371200CDA032 /* Views */,
				A0E9B8662AB72E7000CDA032 /* Models */,
				A0E9B8582AB72E1700CDA032 /* WalletApp.swift */,
				A0E9B85A2AB72E1700CDA032 /* ContentView.swift */,
				A0E9B85C2AB72E1800CDA032 /* Assets.xcassets */,
				A0E9B85E2AB72E1800CDA032 /* Preview Content */,
			);
			path = Wallet;
			sourceTree = "<group>";
		};
		A0E9B85E2AB72E1800CDA032 /* Preview Content */ = {
			isa = PBXGroup;
			children = (
				A0E9B85F2AB72E1800CDA032 /* Preview Assets.xcassets */,
			);
			path = "Preview Content";
			sourceTree = "<group>";
		};
		A0E9B8662AB72E7000CDA032 /* Models */ = {
			isa = PBXGroup;
			children = (
				A0E9B8672AB72E7B00CDA032 /* CardModel.swift */,
				A0E9B8692AB72F9100CDA032 /* ExpenseModel.swift */,
				A0E9B86B2AB7321800CDA032 /* OverviewModel.swift */,
				A0E9B8732AB73EC100CDA032 /* CardRectKey.swift */,
			);
			path = Models;
			sourceTree = "<group>";
		};
		A0E9B86D2AB7371200CDA032 /* Views */ = {
			isa = PBXGroup;
			children = (
				A0E9B8702AB7392C00CDA032 /* Components */,
				A0E9B86E2AB7371C00CDA032 /* Home.swift */,
			);
			path = Views;
			sourceTree = "<group>";
		};
		A0E9B8702AB7392C00CDA032 /* Components */ = {
			isa = PBXGroup;
			children = (
				A0E9B8712AB7393E00CDA032 /* CustomCorner.swift */,
			);
			path = Components;
			sourceTree = "<group>";
		};
/* End PBXGroup section */

/* Begin PBXNativeTarget section */
		A0E9B8542AB72E1700CDA032 /* Wallet */ = {
			isa = PBXNativeTarget;
			buildConfigurationList = A0E9B8632AB72E1800CDA032 /* Build configuration list for PBXNativeTarget "Wallet" */;
			buildPhases = (
				A0E9B8512AB72E1700CDA032 /* Sources */,
				A0E9B8522AB72E1700CDA032 /* Frameworks */,
				A0E9B8532AB72E1700CDA032 /* Resources */,
			);
			buildRules = (
			);
			dependencies = (
			);
			name = Wallet;
			productName = Wallet;
			productReference = A0E9B8552AB72E1700CDA032 /* Wallet.app */;
			productType = "com.apple.product-type.application";
		};
/* End PBXNativeTarget section */

/* Begin PBXProject section */
		A0E9B84D2AB72E1700CDA032 /* Project object */ = {
			isa = PBXProject;
			attributes = {
				BuildIndependentTargetsInParallel = 1;
				LastSwiftUpdateCheck = 1430;
				LastUpgradeCheck = 1430;
				TargetAttributes = {
					A0E9B8542AB72E1700CDA032 = {
						CreatedOnToolsVersion = 14.3.1;
					};
				};
			};
			buildConfigurationList = A0E9B8502AB72E1700CDA032 /* Build configuration list for PBXProject "Wallet" */;
			compatibilityVersion = "Xcode 14.0";
			developmentRegion = en;
			hasScannedForEncodings = 0;
			knownRegions = (
				en,
				Base,
			);
			mainGroup = A0E9B84C2AB72E1700CDA032;
			productRefGroup = A0E9B8562AB72E1700CDA032 /* Products */;
			projectDirPath = "";
			projectRoot = "";
			targets = (
				A0E9B8542AB72E1700CDA032 /* Wallet */,
			);
		};
/* End PBXProject section */

/* Begin PBXResourcesBuildPhase section */
		A0E9B8532AB72E1700CDA032 /* Resources */ = {
			isa = PBXResourcesBuildPhase;
			buildActionMask = 2147483647;
			files = (
				A0E9B8602AB72E1800CDA032 /* Preview Assets.xcassets in Resources */,
				A0E9B85D2AB72E1800CDA032 /* Assets.xcassets in Resources */,
			);
			runOnlyForDeploymentPostprocessing = 0;
		};
/* End PBXResourcesBuildPhase section */

/* Begin PBXSourcesBuildPhase section */
		A0E9B8512AB72E1700CDA032 /* Sources */ = {
			isa = PBXSourcesBuildPhase;
			buildActionMask = 2147483647;
			files = (
				A0E9B85B2AB72E1700CDA032 /* ContentView.swift in Sources */,
				A0E9B86C2AB7321800CDA032 /* OverviewModel.swift in Sources */,
				A0E9B8592AB72E1700CDA032 /* WalletApp.swift in Sources */,
				A0E9B86A2AB72F9100CDA032 /* ExpenseModel.swift in Sources */,
				A0E9B8722AB7393E00CDA032 /* CustomCorner.swift in Sources */,
				A0E9B8742AB73EC100CDA032 /* CardRectKey.swift in Sources */,
				A0E9B86F2AB7371C00CDA032 /* Home.swift in Sources */,
				A0E9B8682AB72E7B00CDA032 /* CardModel.swift in Sources */,
			);
			runOnlyForDeploymentPostprocessing = 0;
		};
/* End PBXSourcesBuildPhase section */

/* Begin XCBuildConfiguration section */
		A0E9B8612AB72E1800CDA032 /* Debug */ = {
			isa = XCBuildConfiguration;
			buildSettings = {
				ALWAYS_SEARCH_USER_PATHS = NO;
				CLANG_ANALYZER_NONNULL = YES;
				CLANG_ANALYZER_NUMBER_OBJECT_CONVERSION = YES_AGGRESSIVE;
				CLANG_CXX_LANGUAGE_STANDARD = "gnu++20";
				CLANG_ENABLE_MODULES = YES;
				CLANG_ENABLE_OBJC_ARC = YES;
				CLANG_ENABLE_OBJC_WEAK = YES;
				CLANG_WARN_BLOCK_CAPTURE_AUTORELEASING = YES;
				CLANG_WARN_BOOL_CONVERSION = YES;
				CLANG_WARN_COMMA = YES;
				CLANG_WARN_CONSTANT_CONVERSION = YES;
				CLANG_WARN_DEPRECATED_OBJC_IMPLEMENTATIONS = YES;
				CLANG_WARN_DIRECT_OBJC_ISA_USAGE = YES_ERROR;
				CLANG_WARN_DOCUMENTATION_COMMENTS = YES;
				CLANG_WARN_EMPTY_BODY = YES;
				CLANG_WARN_ENUM_CONVERSION = YES;
				CLANG_WARN_INFINITE_RECURSION = YES;
				CLANG_WARN_INT_CONVERSION = YES;
				CLANG_WARN_NON_LITERAL_NULL_CONVERSION = YES;
				CLANG_WARN_OBJC_IMPLICIT_RETAIN_SELF = YES;
				CLANG_WARN_OBJC_LITERAL_CONVERSION = YES;
				CLANG_WARN_OBJC_ROOT_CLASS = YES_ERROR;
				CLANG_WARN_QUOTED_INCLUDE_IN_FRAMEWORK_HEADER = YES;
				CLANG_WARN_RANGE_LOOP_ANALYSIS = YES;
				CLANG_WARN_STRICT_PROTOTYPES = YES;
				CLANG_WARN_SUSPICIOUS_MOVE = YES;
				CLANG_WARN_UNGUARDED_AVAILABILITY = YES_AGGRESSIVE;
				CLANG_WARN_UNREACHABLE_CODE = YES;
				CLANG_WARN__DUPLICATE_METHOD_MATCH = YES;
				COPY_PHASE_STRIP = NO;
				DEBUG_INFORMATION_FORMAT = dwarf;
				ENABLE_STRICT_OBJC_MSGSEND = YES;
				ENABLE_TESTABILITY = YES;
				GCC_C_LANGUAGE_STANDARD = gnu11;
				GCC_DYNAMIC_NO_PIC = NO;
				GCC_NO_COMMON_BLOCKS = YES;
				GCC_OPTIMIZATION_LEVEL = 0;
				GCC_PREPROCESSOR_DEFINITIONS = (
					"DEBUG=1",
					"$(inherited)",
				);
				GCC_WARN_64_TO_32_BIT_CONVERSION = YES;
				GCC_WARN_ABOUT_RETURN_TYPE = YES_ERROR;
				GCC_WARN_UNDECLARED_SELECTOR = YES;
				GCC_WARN_UNINITIALIZED_AUTOS = YES_AGGRESSIVE;
				GCC_WARN_UNUSED_FUNCTION = YES;
				GCC_WARN_UNUSED_VARIABLE = YES;
				IPHONEOS_DEPLOYMENT_TARGET = 16.4;
				MTL_ENABLE_DEBUG_INFO = INCLUDE_SOURCE;
				MTL_FAST_MATH = YES;
				ONLY_ACTIVE_ARCH = YES;
				SDKROOT = iphoneos;
				SWIFT_ACTIVE_COMPILATION_CONDITIONS = DEBUG;
				SWIFT_OPTIMIZATION_LEVEL = "-Onone";
			};
			name = Debug;
		};
		A0E9B8622AB72E1800CDA032 /* Release */ = {
			isa = XCBuildConfiguration;
			buildSettings = {
				ALWAYS_SEARCH_USER_PATHS = NO;
				CLANG_ANALYZER_NONNULL = YES;
				CLANG_ANALYZER_NUMBER_OBJECT_CONVERSION = YES_AGGRESSIVE;
				CLANG_CXX_LANGUAGE_STANDARD = "gnu++20";
				CLANG_ENABLE_MODULES = YES;
				CLANG_ENABLE_OBJC_ARC = YES;
				CLANG_ENABLE_OBJC_WEAK = YES;
				CLANG_WARN_BLOCK_CAPTURE_AUTORELEASING = YES;
				CLANG_WARN_BOOL_CONVERSION = YES;
				CLANG_WARN_COMMA = YES;
				CLANG_WARN_CONSTANT_CONVERSION = YES;
				CLANG_WARN_DEPRECATED_OBJC_IMPLEMENTATIONS = YES;
				CLANG_WARN_DIRECT_OBJC_ISA_USAGE = YES_ERROR;
				CLANG_WARN_DOCUMENTATION_COMMENTS = YES;
				CLANG_WARN_EMPTY_BODY = YES;
				CLANG_WARN_ENUM_CONVERSION = YES;
				CLANG_WARN_INFINITE_RECURSION = YES;
				CLANG_WARN_INT_CONVERSION = YES;
				CLANG_WARN_NON_LITERAL_NULL_CONVERSION = YES;
				CLANG_WARN_OBJC_IMPLICIT_RETAIN_SELF = YES;
				CLANG_WARN_OBJC_LITERAL_CONVERSION = YES;
				CLANG_WARN_OBJC_ROOT_CLASS = YES_ERROR;
				CLANG_WARN_QUOTED_INCLUDE_IN_FRAMEWORK_HEADER = YES;
				CLANG_WARN_RANGE_LOOP_ANALYSIS = YES;
				CLANG_WARN_STRICT_PROTOTYPES = YES;
				CLANG_WARN_SUSPICIOUS_MOVE = YES;
				CLANG_WARN_UNGUARDED_AVAILABILITY = YES_AGGRESSIVE;
				CLANG_WARN_UNREACHABLE_CODE = YES;
				CLANG_WARN__DUPLICATE_METHOD_MATCH = YES;
				COPY_PHASE_STRIP = NO;
				DEBUG_INFORMATION_FORMAT = "dwarf-with-dsym";
				ENABLE_NS_ASSERTIONS = NO;
				ENABLE_STRICT_OBJC_MSGSEND = YES;
				GCC_C_LANGUAGE_STANDARD = gnu11;
				GCC_NO_COMMON_BLOCKS = YES;
				GCC_WARN_64_TO_32_BIT_CONVERSION = YES;
				GCC_WARN_ABOUT_RETURN_TYPE = YES_ERROR;
				GCC_WARN_UNDECLARED_SELECTOR = YES;
				GCC_WARN_UNINITIALIZED_AUTOS = YES_AGGRESSIVE;
				GCC_WARN_UNUSED_FUNCTION = YES;
				GCC_WARN_UNUSED_VARIABLE = YES;
				IPHONEOS_DEPLOYMENT_TARGET = 16.4;
				MTL_ENABLE_DEBUG_INFO = NO;
				MTL_FAST_MATH = YES;
				SDKROOT = iphoneos;
				SWIFT_COMPILATION_MODE = wholemodule;
				SWIFT_OPTIMIZATION_LEVEL = "-O";
				VALIDATE_PRODUCT = YES;
			};
			name = Release;
		};
		A0E9B8642AB72E1800CDA032 /* Debug */ = {
			isa = XCBuildConfiguration;
			buildSettings = {
				ASSETCATALOG_COMPILER_APPICON_NAME = AppIcon;
				ASSETCATALOG_COMPILER_GLOBAL_ACCENT_COLOR_NAME = AccentColor;
				CODE_SIGN_STYLE = Automatic;
				CURRENT_PROJECT_VERSION = 1;
				DEVELOPMENT_ASSET_PATHS = "\"Wallet/Preview Content\"";
				DEVELOPMENT_TEAM = J2TT6HQZJW;
				ENABLE_PREVIEWS = YES;
				GENERATE_INFOPLIST_FILE = YES;
				INFOPLIST_KEY_UIApplicationSceneManifest_Generation = YES;
				INFOPLIST_KEY_UIApplicationSupportsIndirectInputEvents = YES;
				INFOPLIST_KEY_UILaunchScreen_Generation = YES;
				INFOPLIST_KEY_UISupportedInterfaceOrientations_iPad = "UIInterfaceOrientationPortrait UIInterfaceOrientationPortraitUpsideDown UIInterfaceOrientationLandscapeLeft UIInterfaceOrientationLandscapeRight";
				INFOPLIST_KEY_UISupportedInterfaceOrientations_iPhone = "UIInterfaceOrientationPortrait UIInterfaceOrientationLandscapeLeft UIInterfaceOrientationLandscapeRight";
				LD_RUNPATH_SEARCH_PATHS = (
					"$(inherited)",
					"@executable_path/Frameworks",
				);
				MARKETING_VERSION = 1.0;
				PRODUCT_BUNDLE_IDENTIFIER = com.Wallet;
				PRODUCT_NAME = "$(TARGET_NAME)";
				SWIFT_EMIT_LOC_STRINGS = YES;
				SWIFT_VERSION = 5.0;
				TARGETED_DEVICE_FAMILY = "1,2";
			};
			name = Debug;
		};
		A0E9B8652AB72E1800CDA032 /* Release */ = {
			isa = XCBuildConfiguration;
			buildSettings = {
				ASSETCATALOG_COMPILER_APPICON_NAME = AppIcon;
				ASSETCATALOG_COMPILER_GLOBAL_ACCENT_COLOR_NAME = AccentColor;
				CODE_SIGN_STYLE = Automatic;
				CURRENT_PROJECT_VERSION = 1;
				DEVELOPMENT_ASSET_PATHS = "\"Wallet/Preview Content\"";
				DEVELOPMENT_TEAM = J2TT6HQZJW;
				ENABLE_PREVIEWS = YES;
				GENERATE_INFOPLIST_FILE = YES;
				INFOPLIST_KEY_UIApplicationSceneManifest_Generation = YES;
				INFOPLIST_KEY_UIApplicationSupportsIndirectInputEvents = YES;
				INFOPLIST_KEY_UILaunchScreen_Generation = YES;
				INFOPLIST_KEY_UISupportedInterfaceOrientations_iPad = "UIInterfaceOrientationPortrait UIInterfaceOrientationPortraitUpsideDown UIInterfaceOrientationLandscapeLeft UIInterfaceOrientationLandscapeRight";
				INFOPLIST_KEY_UISupportedInterfaceOrientations_iPhone = "UIInterfaceOrientationPortrait UIInterfaceOrientationLandscapeLeft UIInterfaceOrientationLandscapeRight";
				LD_RUNPATH_SEARCH_PATHS = (
					"$(inherited)",
					"@executable_path/Frameworks",
				);
				MARKETING_VERSION = 1.0;
				PRODUCT_BUNDLE_IDENTIFIER = com.Wallet;
				PRODUCT_NAME = "$(TARGET_NAME)";
				SWIFT_EMIT_LOC_STRINGS = YES;
				SWIFT_VERSION = 5.0;
				TARGETED_DEVICE_FAMILY = "1,2";
			};
			name = Release;
		};
/* End XCBuildConfiguration section */

/* Begin XCConfigurationList section */
		A0E9B8502AB72E1700CDA032 /* Build configuration list for PBXProject "Wallet" */ = {
			isa = XCConfigurationList;
			buildConfigurations = (
				A0E9B8612AB72E1800CDA032 /* Debug */,
				A0E9B8622AB72E1800CDA032 /* Release */,
			);
			defaultConfigurationIsVisible = 0;
			defaultConfigurationName = Release;
		};
		A0E9B8632AB72E1800CDA032 /* Build configuration list for PBXNativeTarget "Wallet" */ = {
			isa = XCConfigurationList;
			buildConfigurations = (
				A0E9B8642AB72E1800CDA032 /* Debug */,
				A0E9B8652AB72E1800CDA032 /* Release */,
			);
			defaultConfigurationIsVisible = 0;
			defaultConfigurationName = Release;
		};
/* End XCConfigurationList section */
	};
	rootObject = A0E9B84D2AB72E1700CDA032 /* Project object */;
}
